
Microsoft Visual Studio Solution File, Format Version 12.00
# Visual Studio Version 17
VisualStudioVersion = 17.3.32825.248
MinimumVisualStudioVersion = 10.0.40219.1
Project("{FAE04EC0-301F-11D3-BF4B-00C04F79EFBC}") = "Personel_Kayit", "Personel_Kayit\Personel_Kayit.csproj", "{D8DFE202-A8F3-4F03-A9A5-B544F2AFC0C7}"
EndProject
Global
	GlobalSection(SolutionConfigurationPlatforms) = preSolution
		Debug|Any CPU = Debug|Any CPU
		Release|Any CPU = Release|Any CPU
	EndGlobalSection
	GlobalSection(ProjectConfigurationPlatforms) = postSolution
		{D8DFE202-A8F3-4F03-A9A5-B544F2AFC0C7}.Debug|Any CPU.ActiveCfg = Debug|Any CPU
		{D8DFE202-A8F3-4F03-A9A5-B544F2AFC0C7}.Debug|Any CPU.Build.0 = Debug|Any CPU
		{D8DFE202-A8F3-4F03-A9A5-B544F2AFC0C7}.Release|Any CPU.ActiveCfg = Release|Any CPU
		{D8DFE202-A8F3-4F03-A9A5-B544F2AFC0C7}.Release|Any CPU.Build.0 = Release|Any CPU
	EndGlobalSection
	GlobalSection(SolutionProperties) = preSolution
		HideSolutionNode = FALSE
	EndGlobalSection
	GlobalSection(ExtensibilityGlobals) = postSolution
		SolutionGuid = {59DE73C0-7AD9-4E6F-A8FF-ACCD3A274E31}
	EndGlobalSection
EndGlobal
